<Solution>
  <Project Path="1/1.csproj" />
  <Project Path="10/10.csproj" />
  <Project Path="2/2.csproj" />
  <Project Path="3/3.csproj" />
  <Project Path="4/4.csproj" />
  <Project Path="5/5.csproj" />
  <Project Path="6/6.csproj" />
  <Project Path="7/7.csproj" />
  <Project Path="8/8.csproj" />
  <Project Path="9/9.csproj" />
</Solution>
